
Microsoft Visual Studio Solution File, Format Version 12.00
# Visual Studio Version 17
VisualStudioVersion = 17.11.35327.3
MinimumVisualStudioVersion = 10.0.40219.1
Project("{FAE04EC0-301F-11D3-BF4B-00C04F79EFBC}") = "С#seminars", "С#seminars.csproj", "{A462413F-CAB7-4E9E-80BD-4706042BD538}"
EndProject
Global
	GlobalSection(SolutionConfigurationPlatforms) = preSolution
		Debug|Any CPU = Debug|Any CPU
		Release|Any CPU = Release|Any CPU
	EndGlobalSection
	GlobalSection(ProjectConfigurationPlatforms) = postSolution
		{A462413F-CAB7-4E9E-80BD-4706042BD538}.Debug|Any CPU.ActiveCfg = Debug|Any CPU
		{A462413F-CAB7-4E9E-80BD-4706042BD538}.Debug|Any CPU.Build.0 = Debug|Any CPU
		{A462413F-CAB7-4E9E-80BD-4706042BD538}.Release|Any CPU.ActiveCfg = Release|Any CPU
		{A462413F-CAB7-4E9E-80BD-4706042BD538}.Release|Any CPU.Build.0 = Release|Any CPU
	EndGlobalSection
	GlobalSection(SolutionProperties) = preSolution
		HideSolutionNode = FALSE
	EndGlobalSection
	GlobalSection(ExtensibilityGlobals) = postSolution
		SolutionGuid = {1C8FD68E-5AE7-4C79-8A59-9A266BBD5E90}
	EndGlobalSection
EndGlobal
